PODS:
  - abseil/algorithm (0.20190808):
    - abseil/algorithm/algorithm (= 0.20190808)
    - abseil/algorithm/container (= 0.20190808)
  - abseil/algorithm/algorithm (0.20190808)
  - abseil/algorithm/container (0.20190808):
    - abseil/algorithm/algorithm
    - abseil/base/core_headers
    - abseil/meta/type_traits
  - abseil/base (0.20190808):
    - abseil/base/atomic_hook (= 0.20190808)
    - abseil/base/base (= 0.20190808)
    - abseil/base/base_internal (= 0.20190808)
    - abseil/base/bits (= 0.20190808)
    - abseil/base/config (= 0.20190808)
    - abseil/base/core_headers (= 0.20190808)
    - abseil/base/dynamic_annotations (= 0.20190808)
    - abseil/base/endian (= 0.20190808)
    - abseil/base/log_severity (= 0.20190808)
    - abseil/base/malloc_internal (= 0.20190808)
    - abseil/base/pretty_function (= 0.20190808)
    - abseil/base/spinlock_wait (= 0.20190808)
    - abseil/base/throw_delegate (= 0.20190808)
  - abseil/base/atomic_hook (0.20190808)
  - abseil/base/base (0.20190808):
    - abseil/base/atomic_hook
    - abseil/base/base_internal
    - abseil/base/config
    - abseil/base/core_headers
    - abseil/base/dynamic_annotations
    - abseil/base/log_severity
    - abseil/base/spinlock_wait
    - abseil/meta/type_traits
  - abseil/base/base_internal (0.20190808):
    - abseil/meta/type_traits
  - abseil/base/bits (0.20190808):
    - abseil/base/core_headers
  - abseil/base/config (0.20190808)
  - abseil/base/core_headers (0.20190808):
    - abseil/base/config
  - abseil/base/dynamic_annotations (0.20190808)
  - abseil/base/endian (0.20190808):
    - abseil/base/config
    - abseil/base/core_headers
  - abseil/base/log_severity (0.20190808):
    - abseil/base/core_headers
  - abseil/base/malloc_internal (0.20190808):
    - abseil/base/base
    - abseil/base/config
    - abseil/base/core_headers
    - abseil/base/dynamic_annotations
    - abseil/base/spinlock_wait
  - abseil/base/pretty_function (0.20190808)
  - abseil/base/spinlock_wait (0.20190808):
    - abseil/base/core_headers
  - abseil/base/throw_delegate (0.20190808):
    - abseil/base/base
    - abseil/base/config
  - abseil/memory (0.20190808):
    - abseil/memory/memory (= 0.20190808)
  - abseil/memory/memory (0.20190808):
    - abseil/base/core_headers
    - abseil/meta/type_traits
  - abseil/meta (0.20190808):
    - abseil/meta/type_traits (= 0.20190808)
  - abseil/meta/type_traits (0.20190808):
    - abseil/base/config
  - abseil/numeric/int128 (0.20190808):
    - abseil/base/config
    - abseil/base/core_headers
  - abseil/strings/internal (0.20190808):
    - abseil/base/core_headers
    - abseil/base/endian
    - abseil/meta/type_traits
  - abseil/strings/strings (0.20190808):
    - abseil/base/base
    - abseil/base/bits
    - abseil/base/config
    - abseil/base/core_headers
    - abseil/base/endian
    - abseil/base/throw_delegate
    - abseil/memory/memory
    - abseil/meta/type_traits
    - abseil/numeric/int128
    - abseil/strings/internal
  - abseil/time (0.20190808):
    - abseil/time/internal (= 0.20190808)
    - abseil/time/time (= 0.20190808)
  - abseil/time/internal (0.20190808):
    - abseil/time/internal/cctz (= 0.20190808)
  - abseil/time/internal/cctz (0.20190808):
    - abseil/time/internal/cctz/civil_time (= 0.20190808)
    - abseil/time/internal/cctz/includes (= 0.20190808)
    - abseil/time/internal/cctz/time_zone (= 0.20190808)
  - abseil/time/internal/cctz/civil_time (0.20190808)
  - abseil/time/internal/cctz/includes (0.20190808)
  - abseil/time/internal/cctz/time_zone (0.20190808):
    - abseil/time/internal/cctz/civil_time
  - abseil/time/time (0.20190808):
    - abseil/base/base
    - abseil/base/core_headers
    - abseil/numeric/int128
    - abseil/strings/strings
    - abseil/time/internal/cctz/civil_time
    - abseil/time/internal/cctz/time_zone
  - abseil/types (0.20190808):
    - abseil/types/any (= 0.20190808)
    - abseil/types/bad_any_cast (= 0.20190808)
    - abseil/types/bad_any_cast_impl (= 0.20190808)
    - abseil/types/bad_optional_access (= 0.20190808)
    - abseil/types/bad_variant_access (= 0.20190808)
    - abseil/types/compare (= 0.20190808)
    - abseil/types/optional (= 0.20190808)
    - abseil/types/span (= 0.20190808)
    - abseil/types/variant (= 0.20190808)
  - abseil/types/any (0.20190808):
    - abseil/base/config
    - abseil/base/core_headers
    - abseil/meta/type_traits
    - abseil/types/bad_any_cast
    - abseil/utility/utility
  - abseil/types/bad_any_cast (0.20190808):
    - abseil/base/config
    - abseil/types/bad_any_cast_impl
  - abseil/types/bad_any_cast_impl (0.20190808):
    - abseil/base/base
    - abseil/base/config
  - abseil/types/bad_optional_access (0.20190808):
    - abseil/base/base
    - abseil/base/config
  - abseil/types/bad_variant_access (0.20190808):
    - abseil/base/base
    - abseil/base/config
  - abseil/types/compare (0.20190808):
    - abseil/base/core_headers
    - abseil/meta/type_traits
  - abseil/types/optional (0.20190808):
    - abseil/base/base_internal
    - abseil/base/config
    - abseil/base/core_headers
    - abseil/memory/memory
    - abseil/meta/type_traits
    - abseil/types/bad_optional_access
    - abseil/utility/utility
  - abseil/types/span (0.20190808):
    - abseil/algorithm/algorithm
    - abseil/base/core_headers
    - abseil/base/throw_delegate
    - abseil/meta/type_traits
  - abseil/types/variant (0.20190808):
    - abseil/base/base_internal
    - abseil/base/config
    - abseil/base/core_headers
    - abseil/meta/type_traits
    - abseil/types/bad_variant_access
    - abseil/utility/utility
  - abseil/utility/utility (0.20190808):
    - abseil/base/base_internal
    - abseil/base/config
    - abseil/meta/type_traits
  - BoringSSL-GRPC (0.0.3):
    - BoringSSL-GRPC/Implementation (= 0.0.3)
    - BoringSSL-GRPC/Interface (= 0.0.3)
  - BoringSSL-GRPC/Implementation (0.0.3):
    - BoringSSL-GRPC/Interface (= 0.0.3)
  - BoringSSL-GRPC/Interface (0.0.3)
  - Crashlytics (3.14.0):
    - Fabric (~> 1.10.2)
  - Fabric (1.10.2)
  - Firebase/AdMob (6.15.0):
    - Firebase/CoreOnly
    - Google-Mobile-Ads-SDK (~> 7.50)
  - Firebase/Analytics (6.15.0):
    - Firebase/Core
  - Firebase/Auth (6.15.0):
    - Firebase/CoreOnly
    - FirebaseAuth (~> 6.4.2)
  - Firebase/Core (6.15.0):
    - Firebase/CoreOnly
    - FirebaseAnalytics (= 6.2.1)
  - Firebase/CoreOnly (6.15.0):
    - FirebaseCore (= 6.6.0)
  - Firebase/DynamicLinks (6.15.0):
    - Firebase/CoreOnly
    - FirebaseDynamicLinks (~> 4.0.6)
  - Firebase/Firestore (6.15.0):
    - Firebase/CoreOnly
    - FirebaseFirestore (~> 1.9.0)
  - Firebase/Functions (6.15.0):
    - Firebase/CoreOnly
    - FirebaseFunctions (~> 2.5.1)
  - Firebase/Messaging (6.15.0):
    - Firebase/CoreOnly
    - FirebaseMessaging (~> 4.2.0)
  - Firebase/Performance (6.15.0):
    - Firebase/CoreOnly
    - FirebasePerformance (~> 3.1.9)
  - FirebaseABTesting (3.1.2):
    - FirebaseAnalyticsInterop (~> 1.3)
    - FirebaseCore (~> 6.1)
    - Protobuf (>= 3.9.2, ~> 3.9)
  - FirebaseAnalytics (6.2.1):
    - FirebaseCore (~> 6.6)
    - FirebaseInstanceID (~> 4.3)
    - GoogleAppMeasurement (= 6.2.1)
    - GoogleUtilities/AppDelegateSwizzler (~> 6.0)
    - GoogleUtilities/MethodSwizzler (~> 6.0)
    - GoogleUtilities/Network (~> 6.0)
    - "GoogleUtilities/NSData+zlib (~> 6.0)"
    - nanopb (= 0.3.9011)
  - FirebaseAnalyticsInterop (1.5.0)
  - FirebaseAuth (6.4.2):
    - FirebaseAuthInterop (~> 1.0)
    - FirebaseCore (~> 6.2)
    - GoogleUtilities/AppDelegateSwizzler (~> 6.2)
    - GoogleUtilities/Environment (~> 6.2)
    - GTMSessionFetcher/Core (~> 1.1)
  - FirebaseAuthInterop (1.0.0)
  - FirebaseCore (6.6.0):
    - FirebaseCoreDiagnostics (~> 1.2)
    - FirebaseCoreDiagnosticsInterop (~> 1.2)
    - GoogleUtilities/Environment (~> 6.5)
    - GoogleUtilities/Logger (~> 6.5)
  - FirebaseCoreDiagnostics (1.2.0):
    - FirebaseCoreDiagnosticsInterop (~> 1.2)
    - GoogleDataTransportCCTSupport (~> 1.3)
    - GoogleUtilities/Environment (~> 6.5)
    - GoogleUtilities/Logger (~> 6.5)
    - nanopb (~> 0.3.901)
  - FirebaseCoreDiagnosticsInterop (1.2.0)
  - FirebaseDynamicLinks (4.0.6):
    - FirebaseAnalyticsInterop (~> 1.3)
    - FirebaseCore (~> 6.2)
  - FirebaseFirestore (1.9.0):
    - abseil/algorithm (= 0.20190808)
    - abseil/base (= 0.20190808)
    - abseil/memory (= 0.20190808)
    - abseil/meta (= 0.20190808)
    - abseil/strings/strings (= 0.20190808)
    - abseil/time (= 0.20190808)
    - abseil/types (= 0.20190808)
    - FirebaseAuthInterop (~> 1.0)
    - FirebaseCore (~> 6.2)
    - "gRPC-C++ (= 0.0.9)"
    - leveldb-library (~> 1.22)
    - nanopb (~> 0.3.901)
  - FirebaseFunctions (2.5.1):
    - FirebaseAuthInterop (~> 1.0)
    - FirebaseCore (~> 6.0)
    - GTMSessionFetcher/Core (~> 1.1)
  - FirebaseInstallations (1.1.0):
    - FirebaseCore (~> 6.6)
    - GoogleUtilities/UserDefaults (~> 6.5)
    - PromisesObjC (~> 1.2)
  - FirebaseInstanceID (4.3.0):
    - FirebaseCore (~> 6.6)
    - FirebaseInstallations (~> 1.0)
    - GoogleUtilities/Environment (~> 6.5)
    - GoogleUtilities/UserDefaults (~> 6.5)
  - FirebaseMessaging (4.2.0):
    - FirebaseAnalyticsInterop (~> 1.5)
    - FirebaseCore (~> 6.6)
    - FirebaseInstanceID (~> 4.3)
    - GoogleUtilities/AppDelegateSwizzler (~> 6.5)
    - GoogleUtilities/Environment (~> 6.5)
    - GoogleUtilities/Reachability (~> 6.5)
    - GoogleUtilities/UserDefaults (~> 6.5)
    - Protobuf (>= 3.9.2, ~> 3.9)
  - FirebasePerformance (3.1.9):
    - FirebaseCore (~> 6.6)
    - FirebaseInstanceID (~> 4.3)
    - FirebaseRemoteConfig (~> 4.4)
    - GoogleToolboxForMac/Logger (~> 2.1)
    - "GoogleToolboxForMac/NSData+zlib (~> 2.1)"
    - GoogleUtilities/Environment (~> 6.2)
    - GoogleUtilities/ISASwizzler (~> 6.2)
    - GoogleUtilities/MethodSwizzler (~> 6.2)
    - GTMSessionFetcher/Core (~> 1.1)
    - Protobuf (~> 3.9)
  - FirebaseRemoteConfig (4.4.6):
    - FirebaseABTesting (~> 3.1)
    - FirebaseAnalyticsInterop (~> 1.4)
    - FirebaseCore (~> 6.2)
    - FirebaseInstanceID (~> 4.2)
    - GoogleUtilities/Environment (~> 6.2)
    - "GoogleUtilities/NSData+zlib (~> 6.2)"
    - Protobuf (>= 3.9.2, ~> 3.9)
  - Google-Mobile-Ads-SDK (7.53.1):
    - GoogleAppMeasurement (~> 6.0)
  - GoogleAppMeasurement (6.2.1):
    - GoogleUtilities/AppDelegateSwizzler (~> 6.0)
    - GoogleUtilities/MethodSwizzler (~> 6.0)
    - GoogleUtilities/Network (~> 6.0)
    - "GoogleUtilities/NSData+zlib (~> 6.0)"
    - nanopb (= 0.3.9011)
  - GoogleDataTransport (3.3.0)
  - GoogleDataTransportCCTSupport (1.3.0):
    - GoogleDataTransport (~> 3.3)
    - nanopb (~> 0.3.901)
  - GoogleToolboxForMac/Defines (2.2.2)
  - GoogleToolboxForMac/Logger (2.2.2):
    - GoogleToolboxForMac/Defines (= 2.2.2)
  - "GoogleToolboxForMac/NSData+zlib (2.2.2)":
    - GoogleToolboxForMac/Defines (= 2.2.2)
  - GoogleUtilities/AppDelegateSwizzler (6.5.0):
    - GoogleUtilities/Environment
    - GoogleUtilities/Logger
    - GoogleUtilities/Network
  - GoogleUtilities/Environment (6.5.0)
  - GoogleUtilities/ISASwizzler (6.5.0)
  - GoogleUtilities/Logger (6.5.0):
    - GoogleUtilities/Environment
  - GoogleUtilities/MethodSwizzler (6.5.0):
    - GoogleUtilities/Logger
  - GoogleUtilities/Network (6.5.0):
    - GoogleUtilities/Logger
    - "GoogleUtilities/NSData+zlib"
    - GoogleUtilities/Reachability
  - "GoogleUtilities/NSData+zlib (6.5.0)"
  - GoogleUtilities/Reachability (6.5.0):
    - GoogleUtilities/Logger
  - GoogleUtilities/UserDefaults (6.5.0):
    - GoogleUtilities/Logger
  - "gRPC-C++ (0.0.9)":
    - "gRPC-C++/Implementation (= 0.0.9)"
    - "gRPC-C++/Interface (= 0.0.9)"
  - "gRPC-C++/Implementation (0.0.9)":
    - "gRPC-C++/Interface (= 0.0.9)"
    - gRPC-Core (= 1.21.0)
    - nanopb (~> 0.3)
  - "gRPC-C++/Interface (0.0.9)"
  - gRPC-Core (1.21.0):
    - gRPC-Core/Implementation (= 1.21.0)
    - gRPC-Core/Interface (= 1.21.0)
  - gRPC-Core/Implementation (1.21.0):
    - BoringSSL-GRPC (= 0.0.3)
    - gRPC-Core/Interface (= 1.21.0)
    - nanopb (~> 0.3)
  - gRPC-Core/Interface (1.21.0)
  - GTMSessionFetcher/Core (1.3.1)
  - leveldb-library (1.22)
  - MaterialComponents/AnimationTiming (94.5.0)
  - MaterialComponents/Elevation (94.5.0):
    - MaterialComponents/private/Color
    - MaterialComponents/private/Math
  - MaterialComponents/Ink (94.5.0):
    - MaterialComponents/private/Color
    - MaterialComponents/private/Math
  - MaterialComponents/Palettes (94.5.0)
  - MaterialComponents/private/Application (94.5.0)
  - MaterialComponents/private/Color (94.5.0)
  - MaterialComponents/private/Math (94.5.0)
  - MaterialComponents/Ripple (94.5.0):
    - MaterialComponents/AnimationTiming
    - MaterialComponents/private/Color
    - MaterialComponents/private/Math
  - MaterialComponents/ShadowElevations (94.5.0)
  - MaterialComponents/ShadowLayer (94.5.0):
    - MaterialComponents/ShadowElevations
  - MaterialComponents/Tabs (94.5.0):
    - MaterialComponents/AnimationTiming
    - MaterialComponents/Elevation
    - MaterialComponents/Ink
    - MaterialComponents/Palettes
    - MaterialComponents/private/Math
    - MaterialComponents/Ripple
    - MaterialComponents/ShadowElevations
    - MaterialComponents/ShadowLayer
    - MaterialComponents/Typography
    - MDFInternationalization
  - MaterialComponents/Typography (94.5.0):
    - MaterialComponents/private/Application
    - MaterialComponents/private/Math
  - MBProgressHUD (1.2.0)
  - MDFInternationalization (2.0.0)
  - nanopb (0.3.9011):
    - nanopb/decode (= 0.3.9011)
    - nanopb/encode (= 0.3.9011)
  - nanopb/decode (0.3.9011)
  - nanopb/encode (0.3.9011)
  - PromisesObjC (1.2.8)
  - Protobuf (3.11.2)
  - Socket.IO-Client-Swift (15.1.0):
    - Starscream (~> 3.1)
  - Starscream (3.1.1)
  - Toast-Swift (5.0.1)

DEPENDENCIES:
  - Crashlytics
  - Fabric
  - Firebase/AdMob
  - Firebase/Analytics
  - Firebase/Auth
  - Firebase/DynamicLinks
  - Firebase/Firestore
  - Firebase/Functions
  - Firebase/Messaging
  - Firebase/Performance
  - MaterialComponents/Tabs (~> 94.5)
  - MBProgressHUD
  - Socket.IO-Client-Swift (from `https://github.com/triniwiz/socket.io-client-swift.git`)
  - Toast-Swift (from `https://github.com/triniwiz/Toast-Swift.git`)

SPEC REPOS:
  trunk:
    - abseil
    - BoringSSL-GRPC
    - Crashlytics
    - Fabric
    - Firebase
    - FirebaseABTesting
    - FirebaseAnalytics
    - FirebaseAnalyticsInterop
    - FirebaseAuth
    - FirebaseAuthInterop
    - FirebaseCore
    - FirebaseCoreDiagnostics
    - FirebaseCoreDiagnosticsInterop
    - FirebaseDynamicLinks
    - FirebaseFirestore
    - FirebaseFunctions
    - FirebaseInstallations
    - FirebaseInstanceID
    - FirebaseMessaging
    - FirebasePerformance
    - FirebaseRemoteConfig
    - Google-Mobile-Ads-SDK
    - GoogleAppMeasurement
    - GoogleDataTransport
    - GoogleDataTransportCCTSupport
    - GoogleToolboxForMac
    - GoogleUtilities
    - "gRPC-C++"
    - gRPC-Core
    - GTMSessionFetcher
    - leveldb-library
    - MaterialComponents
    - MBProgressHUD
    - MDFInternationalization
    - nanopb
    - PromisesObjC
    - Protobuf
    - Starscream

EXTERNAL SOURCES:
  Socket.IO-Client-Swift:
    :git: https://github.com/triniwiz/socket.io-client-swift.git
  Toast-Swift:
    :git: https://github.com/triniwiz/Toast-Swift.git

CHECKOUT OPTIONS:
  Socket.IO-Client-Swift:
    :commit: eb39290d607fb092eb59af8f3532612b045f0ee0
    :git: https://github.com/triniwiz/socket.io-client-swift.git
  Toast-Swift:
    :commit: 59d58d55c178b19e819e7fcf442e086cc4e2d2fa
    :git: https://github.com/triniwiz/Toast-Swift.git

SPEC CHECKSUMS:
  abseil: 18063d773f5366ff8736a050fe035a28f635fd27
  BoringSSL-GRPC: db8764df3204ccea016e1c8dd15d9a9ad63ff318
  Crashlytics: 540b7e5f5da5a042647227a5e3ac51d85eed06df
  Fabric: 706c8b8098fff96c33c0db69cbf81f9c551d0d74
  Firebase: 5d77105d9740a07ca6b16927ca971db7e860faaf
  FirebaseABTesting: 0d10f3cdc3fa00f3f175b5b56c1003c8e888299f
  FirebaseAnalytics: e83e64b1231dedcd9ddd4bdecd9bcfd6ba341679
  FirebaseAnalyticsInterop: 3f86269c38ae41f47afeb43ebf32a001f58fcdae
  FirebaseAuth: ce45d7c5d46bed90159f3a73b6efbe8976ed3573
  FirebaseAuthInterop: 0ffa57668be100582bb7643d4fcb7615496c41fc
  FirebaseCore: 4aeb81ff53dcd9a3634ca725dc1fb8c2a4622046
  FirebaseCoreDiagnostics: 5e78803ab276bc5b50340e3c539c06c3de35c649
  FirebaseCoreDiagnosticsInterop: 296e2c5f5314500a850ad0b83e9e7c10b011a850
  FirebaseDynamicLinks: 5ba2a0d46ba1615c6c08819fc964c495ca1d0845
  FirebaseFirestore: b7e6adda31974dbd259fc25b541e8850420c92ed
  FirebaseFunctions: 5af7c35d1c5e41608fecbb667eb6c4e672e318d0
  FirebaseInstallations: 575cd32f2aec0feeb0e44f5d0110a09e5e60b47b
  FirebaseInstanceID: 6668efc1655a4052c083f287a7141f1ead12f9c2
  FirebaseMessaging: 448cf4c727f3c95f4f90816907d67306ba785cfe
  FirebasePerformance: 18ac5d515f0da0a96cde94b7fc5b1514b235e2d9
  FirebaseRemoteConfig: c11d74d8b1ff8463b587fc8899d92ee089f9a691
  Google-Mobile-Ads-SDK: fac081606dbd438d8db57198b83ba8b5f875a601
  GoogleAppMeasurement: a08a43b8677b95ed51fcef880e36737334d804fd
  GoogleDataTransport: 574a983e829327d7c18f2627f65d9e80164ea8a4
  GoogleDataTransportCCTSupport: cad3cd6cdbdbad6b5c2c9206ec413402755faaaa
  GoogleToolboxForMac: 800648f8b3127618c1b59c7f97684427630c5ea3
  GoogleUtilities: f8de7ddf8c706f58e9b405d53e38bbdaa2731e5a
  "gRPC-C++": 9dfe7b44821e7b3e44aacad2af29d2c21f7cde83
  gRPC-Core: c9aef9a261a1247e881b18059b84d597293c9947
  GTMSessionFetcher: cea130bbfe5a7edc8d06d3f0d17288c32ffe9925
  leveldb-library: 55d93ee664b4007aac644a782d11da33fba316f7
  MaterialComponents: 36435454351719ef5c9bf1192a25fdcd2191c712
  MBProgressHUD: 3ee5efcc380f6a79a7cc9b363dd669c5e1ae7406
  MDFInternationalization: 010097556d6b09d2c4ea38e0820ea6d37be6a314
  nanopb: 18003b5e52dab79db540fe93fe9579f399bd1ccd
  PromisesObjC: c119f3cd559f50b7ae681fa59dc1acd19173b7e6
  Protobuf: dd1aaea7140debfe4dd0683fb8ef208e527ae153
  Socket.IO-Client-Swift: 554ab1004ba68249d1dd14b10eddb11ea4cb4133
  Starscream: 4bb2f9942274833f7b4d296a55504dcfc7edb7b0
  Toast-Swift: 9b6a70f28b3bf0b96c40d46c0c4b9d6639846711

PODFILE CHECKSUM: 20729acf310aa2fc1cf6bb9de36a7d7e6511a82f

COCOAPODS: 1.8.4
